<Solution>
  <Folder Name="/API/">
    <Project Path="Entravel.API/Entravel.API.csproj" />
  </Folder>
  <Folder Name="/Application/">
    <Project Path="Entravel.Application/Entravel.Application.csproj" />
    <Project Path="Entravel.Contracts/Entravel.Contracts.csproj" />
  </Folder>
  <Folder Name="/Data/">
    <Project Path="Entravel.Data/Entravel.Data.csproj" />
  </Folder>
  <Folder Name="/Domain/">
    <Project Path="Entravel.Domain/Entravel.Domain.csproj" />
  </Folder>
  <Folder Name="/Infrastructure/">
    <Project Path="Entravel.EF/Entravel.EF.csproj" />
    <Project Path="Entravel.Rmq/Entravel.Messaging.csproj" Id="704c6855-fdd9-415b-97dc-af484ad89cce" />
  </Folder>
  <Folder Name="/Jobs/" />
</Solution>
